# This file is automatically @generated by Cargo.
# It is not intended for manual editing.
version = 4

[[package]]
name = "aho-corasick"
version = "1.1.4"
source = "registry+https://github.com/rust-lang/crates.io-index"
checksum = "ddd31a130427c27518df266943a5308ed92d4b226cc639f5a8f1002816174301"
dependencies = [
 "memchr",
]

[[package]]
name = "array-init"
version = "2.1.0"
source = "registry+https://github.com/rust-lang/crates.io-index"
checksum = "3d62b7694a562cdf5a74227903507c56ab2cc8bdd1f781ed5cb4cf9c9f810bfc"

[[package]]
name = "bindgen"
version = "0.71.1"
source = "registry+https://github.com/rust-lang/crates.io-index"
checksum = "5f58bf3d7db68cfbac37cfc485a8d711e87e064c3d0fe0435b92f7a407f9d6b3"
dependencies = [
 "bitflags",
 "cexpr",
 "clang-sys",
 "itertools 0.13.0",
 "log",
 "prettyplease",
 "proc-macro2",
 "quote",
 "regex",
 "rustc-hash",
 "shlex",
 "syn",
]

[[package]]
name = "bitflags"
version = "2.11.0"
source = "registry+https://github.com/rust-lang/crates.io-index"
checksum = "843867be96c8daad0d758b57df9392b6d8d271134fce549de6ce169ff98a92af"

[[package]]
name = "bitvec"
version = "1.0.1"
source = "registry+https://github.com/rust-lang/crates.io-index"
checksum = "1bc2832c24239b0141d5674bb9174f9d68a8b5b3f2753311927c172ca46f7e9c"
dependencies = [
 "funty",
 "radium",
 "serde",
 "tap",
 "wyz",
]

[[package]]
name = "cc"
version = "1.2.62"
source = "registry+https://github.com/rust-lang/crates.io-index"
checksum = "a1dce859f0832a7d088c4f1119888ab94ef4b5d6795d1ce05afb7fe159d79f98"
dependencies = [
 "find-msvc-tools",
 "shlex",
]

[[package]]
name = "cexpr"
version = "0.6.0"
source = "registry+https://github.com/rust-lang/crates.io-index"
checksum = "6fac387a98bb7c37292057cffc56d62ecb629900026402633ae9160df93a8766"
dependencies = [
 "nom",
]

[[package]]
name = "cfg-if"
version = "1.0.4"
source = "registry+https://github.com/rust-lang/crates.io-index"
checksum = "9330f8b2ff13f34540b44e946ef35111825727b38d33286ef986142615121801"

[[package]]
name = "clang-sys"
version = "1.8.1"
source = "registry+https://github.com/rust-lang/crates.io-index"
checksum = "0b023947811758c97c59bf9d1c188fd619ad4718dcaa767947df1cadb14f39f4"
dependencies = [
 "glob",
 "libc",
 "libloading",
]

[[package]]
name = "cmake"
version = "0.1.58"
source = "registry+https://github.com/rust-lang/crates.io-index"
checksum = "c0f78a02292a74a88ac736019ab962ece0bc380e3f977bf72e376c5d78ff0678"
dependencies = [
 "cc",
]

[[package]]
name = "either"
version = "1.15.0"
source = "registry+https://github.com/rust-lang/crates.io-index"
checksum = "48c757948c5ede0e46177b7add2e67155f70e33c07fea8284df6576da70b3719"
dependencies = [
 "serde",
]

[[package]]
name = "embedded-io"
version = "0.6.1"
source = "registry+https://github.com/rust-lang/crates.io-index"
checksum = "edd0f118536f44f5ccd48bcb8b111bdc3de888b58c74639dfb034a357d0f206d"

[[package]]
name = "exhaust"
version = "0.2.4"
source = "registry+https://github.com/rust-lang/crates.io-index"
checksum = "30b727ccdc10d28c68e775e7167048866fadcc1c39a31d489922cf9dc496becc"
dependencies = [
 "exhaust-macros",
 "itertools 0.14.0",
 "mutants",
]

[[package]]
name = "exhaust-macros"
version = "0.2.4"
source = "registry+https://github.com/rust-lang/crates.io-index"
checksum = "7d9bba791cce787703541f40494aa1e0627394c6382b980850bb521a76ab1b80"
dependencies = [
 "itertools 0.14.0",
 "proc-macro2",
 "quote",
 "syn",
]

[[package]]
name = "find-msvc-tools"
version = "0.1.9"
source = "registry+https://github.com/rust-lang/crates.io-index"
checksum = "5baebc0774151f905a1a2cc41989300b1e6fbb29aff0ceffa1064fdd3088d582"

[[package]]
name = "funty"
version = "2.0.0"
source = "registry+https://github.com/rust-lang/crates.io-index"
checksum = "e6d5a32815ae3f33302d95fdcb2ce17862f8c65363dcfd29360480ba1001fc9c"

[[package]]
name = "glob"
version = "0.3.3"
source = "registry+https://github.com/rust-lang/crates.io-index"
checksum = "0cc23270f6e1808e30a928bdc84dea0b9b4136a8bc82338574f23baf47bbd280"

[[package]]
name = "heck"
version = "0.5.0"
source = "registry+https://github.com/rust-lang/crates.io-index"
checksum = "2304e00983f87ffb38b55b444b5e3b60a884b5d30c0fca7d82fe33449bbe55ea"

[[package]]
name = "iced-x86"
version = "1.21.0"
source = "registry+https://github.com/rust-lang/crates.io-index"
checksum = "7c447cff8c7f384a7d4f741cfcff32f75f3ad02b406432e8d6c878d56b1edf6b"
dependencies = [
 "lazy_static",
]

[[package]]
name = "impl-trait-for-tuples"
version = "0.2.3"
source = "registry+https://github.com/rust-lang/crates.io-index"
checksum = "a0eb5a3343abf848c0984fe4604b2b105da9539376e24fc0a3b0007411ae4fd9"
dependencies = [
 "proc-macro2",
 "quote",
 "syn",
]

[[package]]
name = "itertools"
version = "0.13.0"
source = "registry+https://github.com/rust-lang/crates.io-index"
checksum = "413ee7dfc52ee1a4949ceeb7dbc8a33f2d6c088194d9f922fb8318faf1f01186"
dependencies = [
 "either",
]

[[package]]
name = "itertools"
version = "0.14.0"
source = "registry+https://github.com/rust-lang/crates.io-index"
checksum = "2b192c782037fadd9cfa75548310488aabdbf3d2da73885b31bd0abd03351285"
dependencies = [
 "either",
]

[[package]]
name = "lazy_static"
version = "1.5.0"
source = "registry+https://github.com/rust-lang/crates.io-index"
checksum = "bbd2bcb4c963f2ddae06a2efc7e9f3591312473c50c6685e1f298068316e66fe"

[[package]]
name = "leb128fmt"
version = "0.1.0"
source = "registry+https://github.com/rust-lang/crates.io-index"
checksum = "09edd9e8b54e49e587e4f6295a7d29c3ea94d469cb40ab8ca70b288248a81db2"

[[package]]
name = "libc"
version = "0.2.186"
source = "registry+https://github.com/rust-lang/crates.io-index"
checksum = "68ab91017fe16c622486840e4c83c9a37afeff978bd239b5293d61ece587de66"

[[package]]
name = "libloading"
version = "0.8.9"
source = "registry+https://github.com/rust-lang/crates.io-index"
checksum = "d7c4b02199fee7c5d21a5ae7d8cfa79a6ef5bb2fc834d6e9058e89c825efdc55"
dependencies = [
 "cfg-if",
 "windows-link",
]

[[package]]
name = "lock_api"
version = "0.4.14"
source = "registry+https://github.com/rust-lang/crates.io-index"
checksum = "224399e74b87b5f3557511d98dff8b14089b3dadafcab6bb93eab67d3aace965"
dependencies = [
 "scopeguard",
]

[[package]]
name = "log"
version = "0.4.29"
source = "registry+https://github.com/rust-lang/crates.io-index"
checksum = "5e5032e24019045c762d3c0f28f5b6b8bbf38563a65908389bf7978758920897"

[[package]]
name = "memchr"
version = "2.8.0"
source = "registry+https://github.com/rust-lang/crates.io-index"
checksum = "f8ca58f447f06ed17d5fc4043ce1b10dd205e060fb3ce5b979b8ed8e59ff3f79"

[[package]]
name = "minimal-lexical"
version = "0.2.1"
source = "registry+https://github.com/rust-lang/crates.io-index"
checksum = "68354c5c6bd36d73ff3feceb05efa59b6acb7626617f4962be322a825e61f79a"

[[package]]
name = "mutants"
version = "0.0.3"
source = "registry+https://github.com/rust-lang/crates.io-index"
checksum = "bc0287524726960e07b119cebd01678f852f147742ae0d925e6a520dca956126"

[[package]]
name = "no-error-type"
version = "0.1.2"
source = "registry+https://github.com/rust-lang/crates.io-index"
checksum = "37ede185c18a65ecdf9f657f9361a1e2509eaddcf50efdd63323a829b81af5a2"
dependencies = [
 "embedded-io",
]

[[package]]
name = "nom"
version = "7.1.3"
source = "registry+https://github.com/rust-lang/crates.io-index"
checksum = "d273983c5a657a70a3e8f2a01329822f3b8c8172b73826411a55751e404a0a4a"
dependencies = [
 "memchr",
 "minimal-lexical",
]

[[package]]
name = "paste"
version = "1.0.15"
source = "registry+https://github.com/rust-lang/crates.io-index"
checksum = "57c0d7b74b563b49d38dae00a0c37d4d6de9b432382b2892f0574ddcae73fd0a"

[[package]]
name = "pkg-config"
version = "0.3.33"
source = "registry+https://github.com/rust-lang/crates.io-index"
checksum = "19f132c84eca552bf34cab8ec81f1c1dcc229b811638f9d283dceabe58c5569e"

[[package]]
name = "portal-pc-asm-common"
version = "0.1.1"
dependencies = [
 "array-init",
 "bitvec",
 "either",
 "embedded-io",
 "exhaust",
 "itertools 0.14.0",
 "no-error-type",
 "serde",
]

[[package]]
name = "portal-solutions-asm-aarch64"
version = "0.1.0"
dependencies = [
 "portal-pc-asm-common",
 "typeid",
]

[[package]]
name = "portal-solutions-asm-regalloc"
version = "0.1.0"
dependencies = [
 "portal-pc-asm-common",
 "typeid",
]

[[package]]
name = "portal-solutions-asm-riscv64"
version = "0.1.0"
dependencies = [
 "portal-pc-asm-common",
 "portal-solutions-asm-regalloc",
 "rv-asm",
 "typeid",
]

[[package]]
name = "portal-solutions-asm-x86-64"
version = "0.1.0"
dependencies = [
 "iced-x86",
 "portal-pc-asm-common",
 "portal-solutions-asm-regalloc",
 "typeid",
]

[[package]]
name = "portal-solutions-blitz-aarch64"
version = "0.1.0"
dependencies = [
 "portal-pc-asm-common",
 "portal-solutions-asm-aarch64",
 "portal-solutions-asm-regalloc",
 "portal-solutions-blitz-codegen",
 "portal-solutions-blitz-common",
 "portal-solutions-blitz-i4",
 "wasm-encoder",
 "wasmparser",
 "wax-core",
]

[[package]]
name = "portal-solutions-blitz-c"
version = "0.1.0"
dependencies = [
 "portal-solutions-blitz-common",
 "portal-solutions-blitz-opt",
 "spin",
]

[[package]]
name = "portal-solutions-blitz-codegen"
version = "0.1.0"

[[package]]
name = "portal-solutions-blitz-common"
version = "0.1.0"
dependencies = [
 "portal-pc-asm-common",
 "typeid",
 "wasm-encoder",
 "wasmparser",
 "wax-core",
]

[[package]]
name = "portal-solutions-blitz-i4"
version = "0.1.0"
dependencies = [
 "portal-solutions-blitz-common",
]

[[package]]
name = "portal-solutions-blitz-js"
version = "0.1.0"
dependencies = [
 "portal-solutions-blitz-common",
 "portal-solutions-blitz-opt",
 "spin",
]

[[package]]
name = "portal-solutions-blitz-jvm"
version = "0.1.0"
dependencies = [
 "portal-solutions-blitz-common",
 "portal-solutions-blitz-opt",
 "spin",
]

[[package]]
name = "portal-solutions-blitz-opt"
version = "0.1.0"
dependencies = [
 "spin",
]

[[package]]
name = "portal-solutions-blitz-ppc64"
version = "0.1.0"
dependencies = [
 "portal-solutions-blitz-common",
]

[[package]]
name = "portal-solutions-blitz-reencode"
version = "0.1.0"
dependencies = [
 "portal-solutions-blitz-common",
 "wasm-encoder",
 "wax-core",
]

[[package]]
name = "portal-solutions-blitz-riscv64"
version = "0.1.0"
dependencies = [
 "portal-pc-asm-common",
 "portal-solutions-asm-regalloc",
 "portal-solutions-asm-riscv64",
 "portal-solutions-blitz-codegen",
 "portal-solutions-blitz-common",
 "portal-solutions-blitz-i4",
 "wasm-encoder",
 "wasmparser",
 "wax-core",
]

[[package]]
name = "portal-solutions-blitz-specialize"
version = "0.1.0"
dependencies = [
 "portal-solutions-blitz-codegen",
 "portal-solutions-blitz-common",
 "wasm-encoder",
 "wasmparser",
]

[[package]]
name = "portal-solutions-blitz-tests"
version = "0.1.0"
dependencies = [
 "libc",
 "paste",
 "portal-solutions-asm-aarch64",
 "portal-solutions-asm-riscv64",
 "portal-solutions-asm-x86-64",
 "portal-solutions-blitz-aarch64",
 "portal-solutions-blitz-c",
 "portal-solutions-blitz-common",
 "portal-solutions-blitz-js",
 "portal-solutions-blitz-riscv64",
 "portal-solutions-blitz-x86-64",
 "unicorn-engine",
]

[[package]]
name = "portal-solutions-blitz-x86-64"
version = "0.1.0"
dependencies = [
 "portal-solutions-asm-regalloc",
 "portal-solutions-asm-x86-64",
 "portal-solutions-blitz-codegen",
 "portal-solutions-blitz-common",
 "typeid",
 "wasm-encoder",
 "wasmparser",
 "wax-core",
]

[[package]]
name = "prettyplease"
version = "0.2.37"
source = "registry+https://github.com/rust-lang/crates.io-index"
checksum = "479ca8adacdd7ce8f1fb39ce9ecccbfe93a3f1344b3d0d97f20bc0196208f62b"
dependencies = [
 "proc-macro2",
 "syn",
]

[[package]]
name = "proc-macro2"
version = "1.0.106"
source = "registry+https://github.com/rust-lang/crates.io-index"
checksum = "8fd00f0bb2e90d81d1044c2b32617f68fcb9fa3bb7640c23e9c748e53fb30934"
dependencies = [
 "unicode-ident",
]

[[package]]
name = "quote"
version = "1.0.44"
source = "registry+https://github.com/rust-lang/crates.io-index"
checksum = "21b2ebcf727b7760c461f091f9f0f539b77b8e87f2fd88131e7f1b433b3cece4"
dependencies = [
 "proc-macro2",
]

[[package]]
name = "radium"
version = "0.7.0"
source = "registry+https://github.com/rust-lang/crates.io-index"
checksum = "dc33ff2d4973d518d823d61aa239014831e521c75da58e3df4840d3f47749d09"

[[package]]
name = "regex"
version = "1.12.3"
source = "registry+https://github.com/rust-lang/crates.io-index"
checksum = "e10754a14b9137dd7b1e3e5b0493cc9171fdd105e0ab477f51b72e7f3ac0e276"
dependencies = [
 "aho-corasick",
 "memchr",
 "regex-automata",
 "regex-syntax",
]

[[package]]
name = "regex-automata"
version = "0.4.14"
source = "registry+https://github.com/rust-lang/crates.io-index"
checksum = "6e1dd4122fc1595e8162618945476892eefca7b88c52820e74af6262213cae8f"
dependencies = [
 "aho-corasick",
 "memchr",
 "regex-syntax",
]

[[package]]
name = "regex-syntax"
version = "0.8.10"
source = "registry+https://github.com/rust-lang/crates.io-index"
checksum = "dc897dd8d9e8bd1ed8cdad82b5966c3e0ecae09fb1907d58efaa013543185d0a"

[[package]]
name = "rustc-hash"
version = "2.1.2"
source = "registry+https://github.com/rust-lang/crates.io-index"
checksum = "94300abf3f1ae2e2b8ffb7b58043de3d399c73fa6f4b73826402a5c457614dbe"

[[package]]
name = "rv-asm"
version = "0.2.1"
source = "git+https://github.com/portal-co/rv-utils.git#f258508da2d13fc47b7a0646043da5f750a2424a"

[[package]]
name = "scopeguard"
version = "1.2.0"
source = "registry+https://github.com/rust-lang/crates.io-index"
checksum = "94143f37725109f92c262ed2cf5e59bce7498c01bcc1502d7b9afe439a4e9f49"

[[package]]
name = "serde"
version = "1.0.228"
source = "registry+https://github.com/rust-lang/crates.io-index"
checksum = "9a8e94ea7f378bd32cbbd37198a4a91436180c5bb472411e48b5ec2e2124ae9e"
dependencies = [
 "serde_core",
 "serde_derive",
]

[[package]]
name = "serde_core"
version = "1.0.228"
source = "registry+https://github.com/rust-lang/crates.io-index"
checksum = "41d385c7d4ca58e59fc732af25c3983b67ac852c1a25000afe1175de458b67ad"
dependencies = [
 "serde_derive",
]

[[package]]
name = "serde_derive"
version = "1.0.228"
source = "registry+https://github.com/rust-lang/crates.io-index"
checksum = "d540f220d3187173da220f885ab66608367b6574e925011a9353e4badda91d79"
dependencies = [
 "proc-macro2",
 "quote",
 "syn",
]

[[package]]
name = "shlex"
version = "1.3.0"
source = "registry+https://github.com/rust-lang/crates.io-index"
checksum = "0fda2ff0d084019ba4d7c6f371c95d8fd75ce3524c3cb8fb653a3023f6323e64"

[[package]]
name = "spin"
version = "0.10.0"
source = "registry+https://github.com/rust-lang/crates.io-index"
checksum = "d5fe4ccb98d9c292d56fec89a5e07da7fc4cf0dc11e156b41793132775d3e591"
dependencies = [
 "lock_api",
]

[[package]]
name = "syn"
version = "2.0.117"
source = "registry+https://github.com/rust-lang/crates.io-index"
checksum = "e665b8803e7b1d2a727f4023456bbbbe74da67099c585258af0ad9c5013b9b99"
dependencies = [
 "proc-macro2",
 "quote",
 "unicode-ident",
]

[[package]]
name = "tap"
version = "1.0.1"
source = "registry+https://github.com/rust-lang/crates.io-index"
checksum = "55937e1799185b12863d447f42597ed69d9928686b8d88a1df17376a097d8369"

[[package]]
name = "typeid"
version = "1.0.3"
source = "registry+https://github.com/rust-lang/crates.io-index"
checksum = "bc7d623258602320d5c55d1bc22793b57daff0ec7efc270ea7d55ce1d5f5471c"

[[package]]
name = "unicode-ident"
version = "1.0.24"
source = "registry+https://github.com/rust-lang/crates.io-index"
checksum = "e6e4313cd5fcd3dad5cafa179702e2b244f760991f45397d14d4ebf38247da75"

[[package]]
name = "unicorn-engine"
version = "2.1.5"
source = "registry+https://github.com/rust-lang/crates.io-index"
checksum = "c16b5d5186d9400cd3bf9f892ed826cb724f69b906bbe66811527df73eaf7a33"
dependencies = [
 "bindgen",
 "cc",
 "cmake",
 "pkg-config",
 "unicorn-engine-sys",
]

[[package]]
name = "unicorn-engine-sys"
version = "2.1.5"
source = "registry+https://github.com/rust-lang/crates.io-index"
checksum = "685282714d35a6fbfed0ae14d81bb11c91838bc7a165cac778321679a7bb91d8"
dependencies = [
 "bindgen",
 "cc",
 "cmake",
 "heck",
 "pkg-config",
]

[[package]]
name = "wasm-encoder"
version = "0.240.0"
source = "registry+https://github.com/rust-lang/crates.io-index"
checksum = "06d642d8c5ecc083aafe9ceb32809276a304547a3a6eeecceb5d8152598bc71f"
dependencies = [
 "leb128fmt",
 "wasmparser",
]

[[package]]
name = "wasmparser"
version = "0.240.0"
source = "registry+https://github.com/rust-lang/crates.io-index"
checksum = "b722dcf61e0ea47440b53ff83ccb5df8efec57a69d150e4f24882e4eba7e24a4"
dependencies = [
 "bitflags",
]

[[package]]
name = "wax-core"
version = "0.1.0"
dependencies = [
 "impl-trait-for-tuples",
 "wasm-encoder",
 "wasmparser",
]

[[package]]
name = "windows-link"
version = "0.2.1"
source = "registry+https://github.com/rust-lang/crates.io-index"
checksum = "f0805222e57f7521d6a62e36fa9163bc891acd422f971defe97d64e70d0a4fe5"

[[package]]
name = "wyz"
version = "0.5.1"
source = "registry+https://github.com/rust-lang/crates.io-index"
checksum = "05f360fc0b24296329c78fda852a1e9ae82de9cf7b27dae4b7f62f118f77b9ed"
dependencies = [
 "tap",
]

[[patch.unused]]
name = "embedded-llm"
version = "0.1.0"

[[patch.unused]]
name = "embedded-llm-tools"
version = "0.1.0"

[[patch.unused]]
name = "portal-pc-waffle"
version = "0.6.0-alpha.1"

[[patch.unused]]
name = "portal-pc-waffle-backend"
version = "0.6.0-alpha.1"

[[patch.unused]]
name = "portal-pc-waffle-copying"
version = "0.6.0-alpha.1"

[[patch.unused]]
name = "portal-pc-waffle-copying-passes"
version = "0.6.0-alpha.1"

[[patch.unused]]
name = "portal-pc-waffle-entity"
version = "0.6.0-alpha.1"

[[patch.unused]]
name = "portal-pc-waffle-frontend"
version = "0.6.0-alpha.1"

[[patch.unused]]
name = "portal-pc-waffle-fuzzing"
version = "0.6.0-alpha.1"

[[patch.unused]]
name = "portal-pc-waffle-hooking"
version = "0.6.0-alpha.1"

[[patch.unused]]
name = "portal-pc-waffle-ir"
version = "0.6.0-alpha.1"

[[patch.unused]]
name = "portal-pc-waffle-lowering"
version = "0.6.0-alpha.1"

[[patch.unused]]
name = "portal-pc-waffle-passes"
version = "0.6.0-alpha.1"

[[patch.unused]]
name = "portal-pc-waffle-passes-shared"
version = "0.6.0-alpha.1"

[[patch.unused]]
name = "pit-core"
version = "0.5.0-alpha.1"

[[patch.unused]]
name = "ast-traits"
version = "0.1.0"

[[patch.unused]]
name = "cfg-traits"
version = "0.2.3"

[[patch.unused]]
name = "register-machine-traits"
version = "0.2.3"

[[patch.unused]]
name = "sift-trait"
version = "0.2.3"

[[patch.unused]]
name = "siftify"
version = "0.1.0"

[[patch.unused]]
name = "ssa-canon"
version = "0.2.3"

[[patch.unused]]
name = "ssa-cc"
version = "0.2.3"

[[patch.unused]]
name = "ssa-impls"
version = "0.2.3"

[[patch.unused]]
name = "ssa-pliron-compat"
version = "0.1.0"

[[patch.unused]]
name = "ssa-reloop"
version = "0.2.3"

[[patch.unused]]
name = "ssa-reloop2"
version = "0.2.3"

[[patch.unused]]
name = "ssa-rust"
version = "0.2.3"

[[patch.unused]]
name = "ssa-trace"
version = "0.1.0"

[[patch.unused]]
name = "ssa-traits"
version = "0.2.3"

[[patch.unused]]
name = "ssa-translation"
version = "0.2.3"

[[patch.unused]]
name = "tac-traits"
version = "0.2.3"

[[patch.unused]]
name = "type-onion"
version = "0.2.3"

[[patch.unused]]
name = "dex-bytecode"
version = "0.1.0"

[[patch.unused]]
name = "osctx"
version = "0.1.0"

[[patch.unused]]
name = "speet-dex"
version = "0.1.0"

[[patch.unused]]
name = "speet-link-core"
version = "0.1.0"

[[patch.unused]]
name = "speet-linker"
version = "0.1.0"

[[patch.unused]]
name = "speet-memory"
version = "0.1.0"

[[patch.unused]]
name = "speet-mips"
version = "0.1.0"

[[patch.unused]]
name = "speet-module-builder"
version = "0.1.0"

[[patch.unused]]
name = "speet-module-target"
version = "0.1.0"

[[patch.unused]]
name = "speet-object"
version = "0.1.0"

[[patch.unused]]
name = "speet-ordering"
version = "0.1.0"

[[patch.unused]]
name = "speet-powerpc"
version = "0.1.0"

[[patch.unused]]
name = "speet-reach"
version = "0.1.0"

[[patch.unused]]
name = "speet-riscv"
version = "0.1.0"

[[patch.unused]]
name = "speet-schedule"
version = "0.1.0"

[[patch.unused]]
name = "speet-traps"
version = "0.1.0"

[[patch.unused]]
name = "speet-wasm-helpers"
version = "0.1.0"

[[patch.unused]]
name = "speet-x86_64"
version = "0.1.0"

[[patch.unused]]
name = "wasm-layout"
version = "0.1.0"

[[patch.unused]]
name = "yecta"
version = "0.1.0"

[[patch.unused]]
name = "portal-solutions-swibb"
version = "0.6.0-alpha.1"

[[patch.unused]]
name = "wax-tags"
version = "0.1.0"

[[patch.unused]]
name = "dreamcomp-ir-plugin-host"
version = "0.1.0"

[[patch.unused]]
name = "dreamcomp-plugin-common"
version = "0.1.0"

[[patch.unused]]
name = "dreamcompiler-arena"
version = "0.1.0"

[[patch.unused]]
name = "dreamcompiler-codegen"
version = "0.1.0"

[[patch.unused]]
name = "dreamcompiler-core"
version = "0.1.0"

[[patch.unused]]
name = "dreamcompiler-cps"
version = "0.1.0"

[[patch.unused]]
name = "dreamcompiler-cps-c-backend"
version = "0.1.0"

[[patch.unused]]
name = "dreamcompiler-e2e-tests"
version = "0.1.0"

[[patch.unused]]
name = "dreamcompiler-edu"
version = "0.1.0"

[[patch.unused]]
name = "dreamcompiler-fast-ir"
version = "0.1.0"

[[patch.unused]]
name = "dreamcompiler-lower"
version = "0.1.0"

[[patch.unused]]
name = "dreamcompiler-mini-target"
version = "0.1.0"

[[patch.unused]]
name = "dreamcompiler-minibc"
version = "0.1.0"

[[patch.unused]]
name = "dreamcompiler-minibc-c-interp"
version = "0.1.0"

[[patch.unused]]
name = "dreamcompiler-minibc-interp"
version = "0.1.0"

[[patch.unused]]
name = "portal-solutions-asm-jvm"
version = "0.1.0"

[[patch.unused]]
name = "portal-solutions-asm-semantics"
version = "0.1.0"

[[patch.unused]]
name = "portal-solutions-asm-x86-64-shim"
version = "0.1.0"

[[patch.unused]]
name = "portal-jsc-common"
version = "0.8.0-pre.11"

[[patch.unused]]
name = "portal-jsc-generator"
version = "0.8.0-pre.10"

[[patch.unused]]
name = "portal-jsc-simpl-js"
version = "0.8.0-pre.11"

[[patch.unused]]
name = "portal-jsc-swc-cfg"
version = "0.8.0-pre.11"

[[patch.unused]]
name = "portal-jsc-swc-ll-common"
version = "0.8.0-pre.11"

[[patch.unused]]
name = "portal-jsc-swc-opt-ssa"
version = "0.8.0-pre.11"

[[patch.unused]]
name = "portal-jsc-swc-ssa"
version = "0.8.0-pre.11"

[[patch.unused]]
name = "portal-jsc-swc-tac"
version = "0.8.0-pre.11"

[[patch.unused]]
name = "portal-jsc-swc-util"
version = "0.8.0-pre.11"

[[patch.unused]]
name = "ephemera"
version = "0.1.0"

[[patch.unused]]
name = "vaffle"
version = "0.1.0"

[[patch.unused]]
name = "volar-c-backend"
version = "0.1.0"

[[patch.unused]]
name = "volar-common"
version = "0.1.0"

[[patch.unused]]
name = "volar-compiler"
version = "0.1.0"

[[patch.unused]]
name = "volar-compiler-common"
version = "0.1.0"

[[patch.unused]]
name = "volar-compiler-passes"
version = "0.1.0"

[[patch.unused]]
name = "volar-dyn"
version = "0.1.0"

[[patch.unused]]
name = "volar-ir"
version = "0.1.0"

[[patch.unused]]
name = "volar-ir-common"
version = "0.1.0"

[[patch.unused]]
name = "volar-ir-lir-target"
version = "0.1.0"

[[patch.unused]]
name = "volar-ir-passes"
version = "0.1.0"

[[patch.unused]]
name = "volar-lir"
version = "0.1.0"

[[patch.unused]]
name = "volar-lir-codegen"
version = "0.1.0"

[[patch.unused]]
name = "volar-primitives"
version = "0.1.0"

[[patch.unused]]
name = "volar-provenance"
version = "0.1.0"

[[patch.unused]]
name = "volar-spec"
version = "0.1.0"

[[patch.unused]]
name = "volar-spec-dyn"
version = "0.1.0"

[[patch.unused]]
name = "volar-vaffle-target"
version = "0.1.0"

[[patch.unused]]
name = "volar-weaver"
version = "0.1.0"
