# This file is automatically @generated by Cargo.
# It is not intended for manual editing.
version = 4

[[package]]
name = "bitflags"
version = "2.9.4"
source = "registry+https://github.com/rust-lang/crates.io-index"
checksum = "2261d10cca569e4643e526d8dc2e62e433cc8aba21ab764233731f8d369bf394"

[[package]]
name = "leb128fmt"
version = "0.1.0"
source = "registry+https://github.com/rust-lang/crates.io-index"
checksum = "09edd9e8b54e49e587e4f6295a7d29c3ea94d469cb40ab8ca70b288248a81db2"

[[package]]
name = "portal-solutions-blitz-aarch64"
version = "0.1.0"
dependencies = [
 "portal-solutions-blitz-common",
 "portal-solutions-blitz-i4",
]

[[package]]
name = "portal-solutions-blitz-common"
version = "0.1.0"
dependencies = [
 "typeid",
 "wasmparser",
]

[[package]]
name = "portal-solutions-blitz-i4"
version = "0.1.0"
dependencies = [
 "portal-solutions-blitz-common",
]

[[package]]
name = "portal-solutions-blitz-js"
version = "0.1.0"
dependencies = [
 "portal-solutions-blitz-common",
]

[[package]]
name = "portal-solutions-blitz-ppc64"
version = "0.1.0"
dependencies = [
 "portal-solutions-blitz-common",
]

[[package]]
name = "portal-solutions-blitz-reencode"
version = "0.1.0"
dependencies = [
 "portal-solutions-blitz-common",
 "wasm-encoder",
]

[[package]]
name = "portal-solutions-blitz-riscv64"
version = "0.1.0"
dependencies = [
 "portal-solutions-blitz-common",
 "portal-solutions-blitz-i4",
]

[[package]]
name = "portal-solutions-blitz-x86-64"
version = "0.1.0"
dependencies = [
 "portal-solutions-blitz-common",
]

[[package]]
name = "typeid"
version = "1.0.3"
source = "registry+https://github.com/rust-lang/crates.io-index"
checksum = "bc7d623258602320d5c55d1bc22793b57daff0ec7efc270ea7d55ce1d5f5471c"

[[package]]
name = "wasm-encoder"
version = "0.239.0"
source = "registry+https://github.com/rust-lang/crates.io-index"
checksum = "5be00faa2b4950c76fe618c409d2c3ea5a3c9422013e079482d78544bb2d184c"
dependencies = [
 "leb128fmt",
 "wasmparser",
]

[[package]]
name = "wasmparser"
version = "0.239.0"
source = "registry+https://github.com/rust-lang/crates.io-index"
checksum = "8c9d90bb93e764f6beabf1d02028c70a2156a6583e63ac4218dd07ef733368b0"
dependencies = [
 "bitflags",
]
